
Microsoft Visual Studio Solution File, Format Version 12.00
# Visual Studio Version 17
VisualStudioVersion = 17.6.33723.286
MinimumVisualStudioVersion = 10.0.40219.1
Project("{FAE04EC0-301F-11D3-BF4B-00C04F79EFBC}") = "GroupProject", "GroupProject.csproj", "{69B6B2A7-9BB3-4D0E-A6F8-36A9586E208F}"
EndProject
Global
	GlobalSection(SolutionConfigurationPlatforms) = preSolution
		Debug|Any CPU = Debug|Any CPU
		Release|Any CPU = Release|Any CPU
	EndGlobalSection
	GlobalSection(ProjectConfigurationPlatforms) = postSolution
		{69B6B2A7-9BB3-4D0E-A6F8-36A9586E208F}.Debug|Any CPU.ActiveCfg = Debug|Any CPU
		{69B6B2A7-9BB3-4D0E-A6F8-36A9586E208F}.Debug|Any CPU.Build.0 = Debug|Any CPU
		{69B6B2A7-9BB3-4D0E-A6F8-36A9586E208F}.Release|Any CPU.ActiveCfg = Release|Any CPU
		{69B6B2A7-9BB3-4D0E-A6F8-36A9586E208F}.Release|Any CPU.Build.0 = Release|Any CPU
	EndGlobalSection
	GlobalSection(SolutionProperties) = preSolution
		HideSolutionNode = FALSE
	EndGlobalSection
	GlobalSection(ExtensibilityGlobals) = postSolution
		SolutionGuid = {D2620332-AEA2-46E8-8745-F8B1CFFC4B53}
	EndGlobalSection
EndGlobal
